
Microsoft Visual Studio Solution File, Format Version 12.00
# Visual Studio 14
VisualStudioVersion = 14.0.25420.1
MinimumVisualStudioVersion = 10.0.40219.1
Project("{2150E333-8FDC-42A3-9474-1A3956D46DE8}") = "src", "src", "{0771DFC2-ED1F-4092-884A-FAB2A79B64D9}"
EndProject
Project("{2150E333-8FDC-42A3-9474-1A3956D46DE8}") = "Solution Items", "Solution Items", "{1ECC3A20-3FFE-4B40-9C24-18AFEAA23523}"
	ProjectSection(SolutionItems) = preProject
		global.json = global.json
	EndProjectSection
EndProject
Project("{8BB2217D-0F2D-49D1-97BC-3654ED321F3B}") = "dotnetcore2", "src\dotnetcore2\dotnetcore2.xproj", "{311E1F86-E892-49C9-A6CA-469AEB80CBCB}"
EndProject
Global
	GlobalSection(SolutionConfigurationPlatforms) = preSolution
		Debug|Any CPU = Debug|Any CPU
		Release|Any CPU = Release|Any CPU
	EndGlobalSection
	GlobalSection(ProjectConfigurationPlatforms) = postSolution
		{311E1F86-E892-49C9-A6CA-469AEB80CBCB}.Debug|Any CPU.ActiveCfg = Debug|Any CPU
		{311E1F86-E892-49C9-A6CA-469AEB80CBCB}.Debug|Any CPU.Build.0 = Debug|Any CPU
		{311E1F86-E892-49C9-A6CA-469AEB80CBCB}.Release|Any CPU.ActiveCfg = Release|Any CPU
		{311E1F86-E892-49C9-A6CA-469AEB80CBCB}.Release|Any CPU.Build.0 = Release|Any CPU
	EndGlobalSection
	GlobalSection(SolutionProperties) = preSolution
		HideSolutionNode = FALSE
	EndGlobalSection
	GlobalSection(NestedProjects) = preSolution
		{311E1F86-E892-49C9-A6CA-469AEB80CBCB} = {0771DFC2-ED1F-4092-884A-FAB2A79B64D9}
	EndGlobalSection
EndGlobal
